lockfileVersion: '9.0'

settings:
  autoInstallPeers: true
  excludeLinksFromLockfile: false

importers:

  .:
    dependencies:
      bitbucket:
        specifier: ^2.10.1
        version: 2.12.0
      chalk:
        specifier: ^5.3.0
        version: 5.6.2
      cli-progress:
        specifier: ^3.12.0
        version: 3.12.0
      commander:
        specifier: ^11.1.0
        version: 11.1.0
      dotenv:
        specifier: ^16.3.1
        version: 16.6.1
      inquirer:
        specifier: ^13.4.1
        version: 13.4.3(@types/node@20.19.43)
      octokit:
        specifier: ^3.1.2
        version: 3.2.2
      simple-git:
        specifier: ^3.22.0
        version: 3.36.0
    devDependencies:
      '@types/cli-progress':
        specifier: ^3.11.6
        version: 3.11.6
      '@types/inquirer':
        specifier: ^9.0.9
        version: 9.0.10
      '@types/node':
        specifier: ^20.11.0
        version: 20.19.43
      typescript:
        specifier: ^5.3.3
        version: 5.9.3

packages:

  '@inquirer/ansi@2.0.7':
    resolution: {integrity: sha512-3eTuUO1vH2cZm2ZKHeQxnOqlTi9EfZDGgIe3BL3I4u+rJHocr9Fz86M4fjYABPvFnQG/gGK551HqDiIcETwU6Q==}
    engines: {node: '>=23.5.0 || ^22.13.0 || ^20.17.0'}

  '@inquirer/checkbox@5.2.1':
    resolution: {integrity: sha512-b6xmA/VlTe0ZgDQHDui+Nav470u7u49nRd8/iuhOcQPO9Ch7lGuogydhi2VOmNlZ+zXcM8IcPuNSwQcdJaF/kw==}
    engines: {node: '>=23.5.0 || ^22.13.0 || ^20.17.0'}
    peerDependencies:
      '@types/node': '>=18'
    peerDependenciesMeta:
      '@types/node':
        optional: true

  '@inquirer/confirm@6.1.1':
    resolution: {integrity: sha512-eb8DBZcz/2qHWQda4rk2JiQk5h9QV/cVHi1yjt0f69WFZMRFn0sJTye3EAP8icut8UDMjQPsaH5KbcOogefrFQ==}
    engines: {node: '>=23.5.0 || ^22.13.0 || ^20.17.0'}
    peerDependencies:
      '@types/node': '>=18'
    peerDependenciesMeta:
      '@types/node':
        optional: true

  '@inquirer/core@11.2.1':
    resolution: {integrity: sha512-Qd6GJT1yVyrZZCfN8W2qKF5ApmqryXRhRKCuip8h01x2w/esJQ2XIYc6f9abMIHgKQdBfFTSOdbHRLAhuM09UA==}
    engines: {node: '>=23.5.0 || ^22.13.0 || ^20.17.0'}
    peerDependencies:
      '@types/node': '>=18'
    peerDependenciesMeta:
      '@types/node':
        optional: true

  '@inquirer/editor@5.2.2':
    resolution: {integrity: sha512-ZRVd/oD+sYsUd5zVm0NflqEzlqfYCyHNsqkHl2oWXEUHs12tCbcSFi+wVFEvD8+LGRaMUsVrE7qeo6lSG/S1Vg==}
    engines: {node: '>=23.5.0 || ^22.13.0 || ^20.17.0'}
    peerDependencies:
      '@types/node': '>=18'
    peerDependenciesMeta:
      '@types/node':
        optional: true

  '@inquirer/expand@5.1.1':
    resolution: {integrity: sha512-YmQpenjbFSHAK3sOd44puHh3V1KXXr+JiNpUztoSQ4drLh2rTVzTap/YtlAVu/5xavifIlBfNEzJ/neZJ1a/1g==}
    engines: {node: '>=23.5.0 || ^22.13.0 || ^20.17.0'}
    peerDependencies:
      '@types/node': '>=18'
    peerDependenciesMeta:
      '@types/node':
        optional: true

  '@inquirer/external-editor@3.0.3':
    resolution: {integrity: sha512-6thf5I8q7lZwzGLAxPaaGEREEkZ3nyePPDQ1oyobblxmEE8mqTLguScP7pDjUTAibiyb4hfXl+qjUEJ+di/aNA==}
    engines: {node: '>=23.5.0 || ^22.13.0 || ^20.17.0'}
    peerDependencies:
      '@types/node': '>=18'
    peerDependenciesMeta:
      '@types/node':
        optional: true

  '@inquirer/figures@2.0.7':
    resolution: {integrity: sha512-aJ8TBPOGB6f/2qziPfElISTCEd5XOYTFckA2SGjhNmiKzfK/u4ot3v0DUzGVdUnKjN10EqnnEPck36BkyfLnJw==}
    engines: {node: '>=23.5.0 || ^22.13.0 || ^20.17.0'}

  '@inquirer/input@5.1.2':
    resolution: {integrity: sha512-9K/DDBSQpOyZSkt6sOVP9Vo0TR7atX2kuILsUu0x3wVcVbe97lJwIJKMLdMw25tDYuXl/qp6erT0Xs1rfmcfZg==}
    engines: {node: '>=23.5.0 || ^22.13.0 || ^20.17.0'}
    peerDependencies:
      '@types/node': '>=18'
    peerDependenciesMeta:
      '@types/node':
        optional: true

  '@inquirer/number@4.1.1':
    resolution: {integrity: sha512-XF4IXAbPnGPgw0wsbC/i2tPcyfdZgDpUlhsqU0SfT4IRIGWha6Xm9VRgN5yYxJq+jnyXlfXI/nQ3ulfk0iEICA==}
    engines: {node: '>=23.5.0 || ^22.13.0 || ^20.17.0'}
    peerDependencies:
      '@types/node': '>=18'
    peerDependenciesMeta:
      '@types/node':
        optional: true

  '@inquirer/password@5.1.1':
    resolution: {integrity: sha512-3XBfF7DAsp5qeDsvN5Rd1HmbNokVvEQoUM0QLrRcybC9nX96w3Pbmu7qUsb3IT3J3jBvs2+mTXaKHOUsgHMLzg==}
    engines: {node: '>=23.5.0 || ^22.13.0 || ^20.17.0'}
    peerDependencies:
      '@types/node': '>=18'
    peerDependenciesMeta:
      '@types/node':
        optional: true

  '@inquirer/prompts@8.5.2':
    resolution: {integrity: sha512-IYR/3C/paEVVQYQvdDlFZVjRCJVYHHON0XXMH91KO9GSxs0TdKYWlUdvfQl2EfAHDxUaN3IBffkE/BDTh5nJ6g==}
    engines: {node: '>=23.5.0 || ^22.13.0 || ^20.17.0'}
    peerDependencies:
      '@types/node': '>=18'
    peerDependenciesMeta:
      '@types/node':
        optional: true

  '@inquirer/rawlist@5.3.1':
    resolution: {integrity: sha512-QqdTqQddL3qPX/PPrjobpsO25NZ4dWXgTLenrR445L2ptLEYE6Z+PD5c5CNDJNx4ugRgELAIpSIJxZaO2jJ2Og==}
    engines: {node: '>=23.5.0 || ^22.13.0 || ^20.17.0'}
    peerDependencies:
      '@types/node': '>=18'
    peerDependenciesMeta:
      '@types/node':
        optional: true

  '@inquirer/search@4.2.1':
    resolution: {integrity: sha512-xJj8QWKRSrfKoBIITLZK61dD3zwo0Rz11fgDImku30/Oe81zMdIdGgrLY2h6RkJ+KZ/GhNYIRMKnH/62qBTA5g==}
    engines: {node: '>=23.5.0 || ^22.13.0 || ^20.17.0'}
    peerDependencies:
      '@types/node': '>=18'
    peerDependenciesMeta:
      '@types/node':
        optional: true

  '@inquirer/select@5.2.1':
    resolution: {integrity: sha512-FlDndEUww8m7BfukO2nJa25vhD+H5jxxCv4oGioKqzyWz3nPHhhw4LKdYRSlXuAx7DsdWia7iyaBPKKS95Evfw==}
    engines: {node: '>=23.5.0 || ^22.13.0 || ^20.17.0'}
    peerDependencies:
      '@types/node': '>=18'
    peerDependenciesMeta:
      '@types/node':
        optional: true

  '@inquirer/type@4.0.7':
    resolution: {integrity: sha512-t28inv14nMQ1PhKpsJPY+kEs/c00qzeCOS2gTNRyTjG5d6qsVA2fItxW4hkvGZ5lvanGLdtCzVIx5dwdRpN1+g==}
    engines: {node: '>=23.5.0 || ^22.13.0 || ^20.17.0'}
    peerDependencies:
      '@types/node': '>=18'
    peerDependenciesMeta:
      '@types/node':
        optional: true

  '@kwsites/file-exists@1.1.1':
    resolution: {integrity: sha512-m9/5YGR18lIwxSFDwfE3oA7bWuq9kdau6ugN4H2rJeyhFQZcG9AgSHkQtSD15a8WvTgfz9aikZMrKPHvbpqFiw==}

  '@kwsites/promise-deferred@1.1.1':
    resolution: {integrity: sha512-GaHYm+c0O9MjZRu0ongGBRbinu8gVAMd2UZjji6jVmqKtZluZnptXGWhz1E8j8D2HJ3f/yMxKAUC0b+57wncIw==}

  '@octokit/app@14.1.0':
    resolution: {integrity: sha512-g3uEsGOQCBl1+W1rgfwoRFUIR6PtvB2T1E4RpygeUU5LrLvlOqcxrt5lfykIeRpUPpupreGJUYl70fqMDXdTpw==}
    engines: {node: '>= 18'}

  '@octokit/auth-app@6.1.4':
    resolution: {integrity: sha512-QkXkSOHZK4dA5oUqY5Dk3S+5pN2s1igPjEASNQV8/vgJgW034fQWR16u7VsNOK/EljA00eyjYF5mWNxWKWhHRQ==}
    engines: {node: '>= 18'}

  '@octokit/auth-oauth-app@7.1.0':
    resolution: {integrity: sha512-w+SyJN/b0l/HEb4EOPRudo7uUOSW51jcK1jwLa+4r7PA8FPFpoxEnHBHMITqCsc/3Vo2qqFjgQfz/xUUvsSQnA==}
    engines: {node: '>= 18'}

  '@octokit/auth-oauth-device@6.1.0':
    resolution: {integrity: sha512-FNQ7cb8kASufd6Ej4gnJ3f1QB5vJitkoV1O0/g6e6lUsQ7+VsSNRHRmFScN2tV4IgKA12frrr/cegUs0t+0/Lw==}
    engines: {node: '>= 18'}

  '@octokit/auth-oauth-user@4.1.0':
    resolution: {integrity: sha512-FrEp8mtFuS/BrJyjpur+4GARteUCrPeR/tZJzD8YourzoVhRics7u7we/aDcKv+yywRNwNi/P4fRi631rG/OyQ==}
    engines: {node: '>= 18'}

  '@octokit/auth-token@4.0.0':
    resolution: {integrity: sha512-tY/msAuJo6ARbK6SPIxZrPBms3xPbfwBrulZe0Wtr/DIY9lje2HeV1uoebShn6mx7SjCHif6EjMvoREj+gZ+SA==}
    engines: {node: '>= 18'}

  '@octokit/auth-unauthenticated@5.0.1':
    resolution: {integrity: sha512-oxeWzmBFxWd+XolxKTc4zr+h3mt+yofn4r7OfoIkR/Cj/o70eEGmPsFbueyJE2iBAGpjgTnEOKM3pnuEGVmiqg==}
    engines: {node: '>= 18'}

  '@octokit/core@5.2.2':
    resolution: {integrity: sha512-/g2d4sW9nUDJOMz3mabVQvOGhVa4e/BN/Um7yca9Bb2XTzPPnfTWHWQg+IsEYO7M3Vx+EXvaM/I2pJWIMun1bg==}
    engines: {node: '>= 18'}

  '@octokit/endpoint@9.0.6':
    resolution: {integrity: sha512-H1fNTMA57HbkFESSt3Y9+FBICv+0jFceJFPWDePYlR/iMGrwM5ph+Dd4XRQs+8X+PUFURLQgX9ChPfhJ/1uNQw==}
    engines: {node: '>= 18'}

  '@octokit/graphql@7.1.1':
    resolution: {integrity: sha512-3mkDltSfcDUoa176nlGoA32RGjeWjl3K7F/BwHwRMJUW/IteSa4bnSV8p2ThNkcIcZU2umkZWxwETSSCJf2Q7g==}
    engines: {node: '>= 18'}

  '@octokit/oauth-app@6.1.0':
    resolution: {integrity: sha512-nIn/8eUJ/BKUVzxUXd5vpzl1rwaVxMyYbQkNZjHrF7Vk/yu98/YDF/N2KeWO7uZ0g3b5EyiFXFkZI8rJ+DH1/g==}
    engines: {node: '>= 18'}

  '@octokit/oauth-authorization-url@6.0.2':
    resolution: {integrity: sha512-CdoJukjXXxqLNK4y/VOiVzQVjibqoj/xHgInekviUJV73y/BSIcwvJ/4aNHPBPKcPWFnd4/lO9uqRV65jXhcLA==}
    engines: {node: '>= 18'}

  '@octokit/oauth-methods@4.1.0':
    resolution: {integrity: sha512-4tuKnCRecJ6CG6gr0XcEXdZtkTDbfbnD5oaHBmLERTjTMZNi2CbfEHZxPU41xXLDG4DfKf+sonu00zvKI9NSbw==}
    engines: {node: '>= 18'}

  '@octokit/openapi-types@20.0.0':
    resolution: {integrity: sha512-EtqRBEjp1dL/15V7WiX5LJMIxxkdiGJnabzYx5Apx4FkQIFgAfKumXeYAqqJCj1s+BMX4cPFIFC4OLCR6stlnA==}

  '@octokit/openapi-types@24.2.0':
    resolution: {integrity: sha512-9sIH3nSUttelJSXUrmGzl7QUBFul0/mB8HRYl3fOlgHbIWG+WnYDXU3v/2zMtAvuzZ/ed00Ei6on975FhBfzrg==}

  '@octokit/plugin-paginate-graphql@4.0.1':
    resolution: {integrity: sha512-R8ZQNmrIKKpHWC6V2gum4x9LG2qF1RxRjo27gjQcG3j+vf2tLsEfE7I/wRWEPzYMaenr1M+qDAtNcwZve1ce1A==}
    engines: {node: '>= 18'}
    peerDependencies:
      '@octokit/core': '>=5'

  '@octokit/plugin-paginate-rest@11.4.4-cjs.2':
    resolution: {integrity: sha512-2dK6z8fhs8lla5PaOTgqfCGBxgAv/le+EhPs27KklPhm1bKObpu6lXzwfUEQ16ajXzqNrKMujsFyo9K2eaoISw==}
    engines: {node: '>= 18'}
    peerDependencies:
      '@octokit/core': '5'

  '@octokit/plugin-paginate-rest@9.2.2':
    resolution: {integrity: sha512-u3KYkGF7GcZnSD/3UP0S7K5XUFT2FkOQdcfXZGZQPGv3lm4F2Xbf71lvjldr8c1H3nNbF+33cLEkWYbokGWqiQ==}
    engines: {node: '>= 18'}
    peerDependencies:
      '@octokit/core': '5'

  '@octokit/plugin-rest-endpoint-methods@13.3.2-cjs.1':
    resolution: {integrity: sha512-VUjIjOOvF2oELQmiFpWA1aOPdawpyaCUqcEBc/UOUnj3Xp6DJGrJ1+bjUIIDzdHjnFNO6q57ODMfdEZnoBkCwQ==}
    engines: {node: '>= 18'}
    peerDependencies:
      '@octokit/core': ^5

  '@octokit/plugin-retry@6.1.0':
    resolution: {integrity: sha512-WrO3bvq4E1Xh1r2mT9w6SDFg01gFmP81nIG77+p/MqW1JeXXgL++6umim3t6x0Zj5pZm3rXAN+0HEjmmdhIRig==}
    engines: {node: '>= 18'}
    peerDependencies:
      '@octokit/core': '5'

  '@octokit/plugin-throttling@8.2.0':
    resolution: {integrity: sha512-nOpWtLayKFpgqmgD0y3GqXafMFuKcA4tRPZIfu7BArd2lEZeb1988nhWhwx4aZWmjDmUfdgVf7W+Tt4AmvRmMQ==}
    engines: {node: '>= 18'}
    peerDependencies:
      '@octokit/core': ^5.0.0

  '@octokit/request-error@5.1.1':
    resolution: {integrity: sha512-v9iyEQJH6ZntoENr9/yXxjuezh4My67CBSu9r6Ve/05Iu5gNgnisNWOsoJHTP6k0Rr0+HQIpnH+kyammu90q/g==}
    engines: {node: '>= 18'}

  '@octokit/request@8.4.1':
    resolution: {integrity: sha512-qnB2+SY3hkCmBxZsR/MPCybNmbJe4KAlfWErXq+rBKkQJlbjdJeS85VI9r8UqeLYLvnAenU8Q1okM/0MBsAGXw==}
    engines: {node: '>= 18'}

  '@octokit/types@12.6.0':
    resolution: {integrity: sha512-1rhSOfRa6H9w4YwK0yrf5faDaDTb+yLyBUKOCV4xtCDB5VmIPqd/v9yr9o6SAzOAlRxMiRiCic6JVM1/kunVkw==}

  '@octokit/types@13.10.0':
    resolution: {integrity: sha512-ifLaO34EbbPj0Xgro4G5lP5asESjwHracYJvVaPIyXMuiuXLlhic3S47cBdTb+jfODkTE5YtGCLt3Ay3+J97sA==}

  '@octokit/webhooks-methods@4.1.0':
    resolution: {integrity: sha512-zoQyKw8h9STNPqtm28UGOYFE7O6D4Il8VJwhAtMHFt2C4L0VQT1qGKLeefUOqHNs1mNRYSadVv7x0z8U2yyeWQ==}
    engines: {node: '>= 18'}

  '@octokit/webhooks-types@7.6.1':
    resolution: {integrity: sha512-S8u2cJzklBC0FgTwWVLaM8tMrDuDMVE4xiTK4EYXM9GntyvrdbSoxqDQa+Fh57CCNApyIpyeqPhhFEmHPfrXgw==}

  '@octokit/webhooks@12.3.2':
    resolution: {integrity: sha512-exj1MzVXoP7xnAcAB3jZ97pTvVPkQF9y6GA/dvYC47HV7vLv+24XRS6b/v/XnyikpEuvMhugEXdGtAlU086WkQ==}
    engines: {node: '>= 18'}

  '@simple-git/args-pathspec@1.0.3':
    resolution: {integrity: sha512-ngJMaHlsWDTfjyq9F3VIQ8b7NXbBLq5j9i5bJ6XLYtD6qlDXT7fdKY2KscWWUF8t18xx052Y/PUO1K1TRc9yKA==}

  '@simple-git/argv-parser@1.1.1':
    resolution: {integrity: sha512-Q9lBcfQ+VQCpQqGJFHe5yooOS5hGdLFFbJ5R+R5aDsnkPCahtn1hSkMcORX65J2Z5lxSkD0lQorMsncuBQxYUw==}

  '@types/aws-lambda@8.10.162':
    resolution: {integrity: sha512-Fn658grtLOci1oxi1391vvDWJRKNGWRSqfxRkmN/Iy3c0tQH1USMKEXcPYHLvope+ZgTFocx9FRQJx1muBL6qw==}

  '@types/btoa-lite@1.0.2':
    resolution: {integrity: sha512-ZYbcE2x7yrvNFJiU7xJGrpF/ihpkM7zKgw8bha3LNJSesvTtUNxbpzaT7WXBIryf6jovisrxTBvymxMeLLj1Mg==}

  '@types/cli-progress@3.11.6':
    resolution: {integrity: sha512-cE3+jb9WRlu+uOSAugewNpITJDt1VF8dHOopPO4IABFc3SXYL5WE/+PTz/FCdZRRfIujiWW3n3aMbv1eIGVRWA==}

  '@types/inquirer@9.0.10':
    resolution: {integrity: sha512-vFW2WbXwO9eZpRT5GJGFJ/shgyMNnYozmnjakt9jCQSS1lvqX8pZEQMjJ9RdDPct/YxwciQ8+V8OYn9euIrZDA==}

  '@types/jsonwebtoken@9.0.10':
    resolution: {integrity: sha512-asx5hIG9Qmf/1oStypjanR7iKTv0gXQ1Ov/jfrX6kS/EO0OFni8orbmGCn0672NHR3kXHwpAwR+B368ZGN/2rA==}

  '@types/ms@2.1.0':
    resolution: {integrity: sha512-GsCCIZDE/p3i96vtEqx+7dBUGXrc7zeSK3wwPHIaRThS+9OhWIXRqzs4d6k1SVU8g91DrNRWxWUGhp5KXQb2VA==}

  '@types/node@20.19.43':
    resolution: {integrity: sha512-6oYBAi5ikg4Pl+kGsoYtawUMBT2zZMCvPNF7pVLnHZfd1zf38DRiWn/gT01RYCdUqkv7Fhr+C9ot4/tb+2sVvA==}

  '@types/through@0.0.33':
    resolution: {integrity: sha512-HsJ+z3QuETzP3cswwtzt2vEIiHBk/dCcHGhbmG5X3ecnwFD/lPrMpliGXxSCg03L9AhrdwA4Oz/qfspkDW+xGQ==}

  '@wolfy1339/lru-cache@11.0.2-patch.1':
    resolution: {integrity: sha512-BgYZfL2ADCXKOw2wJtkM3slhHotawWkgIRRxq4wEybnZQPjvAp71SPX35xepMykTw8gXlzWcWPTY31hlbnRsDA==}
    engines: {node: 18 >=18.20 || 20 || >=22}

  aggregate-error@3.1.0:
    resolution: {integrity: sha512-4I7Td01quW/RpocfNayFdFVk1qSuoh0E7JrbRJ16nH01HhKFQ88INq9Sd+nd72zqRySlr9BmDA8xlEJ6vJMrYA==}
    engines: {node: '>=8'}

  ansi-regex@5.0.1:
    resolution: {integrity: sha512-quJQXlTSUGL2LH9SUXo8VwsY4soanhgo6LNSm84E1LBcE8s3O0wpdiRzyR9z/ZZJMlMWv37qOOb9pdJlMUEKFQ==}
    engines: {node: '>=8'}

  before-after-hook@2.2.3:
    resolution: {integrity: sha512-NzUnlZexiaH/46WDhANlyR2bXRopNg4F/zuSA3OpZnllCUgRaOF2znDioDWrmbNVsuZk6l9pMquQB38cfBZwkQ==}

  bitbucket@2.12.0:
    resolution: {integrity: sha512-YqaiTPEmn5mkwdU2gGcJZcQ6B8/DhCHhc3SSYqSpnef6nSTTSa/2GSBoLEgPLqAuqrQITGKq8MgYkfDMtnJPuw==}

  bottleneck@2.19.5:
    resolution: {integrity: sha512-VHiNCbI1lKdl44tGrhNfU3lup0Tj/ZBMJB5/2ZbNXRCPuRCO7ed2mgcK4r17y+KB2EfuYuRaVlwNbAeaWGSpbw==}

  btoa-lite@1.0.0:
    resolution: {integrity: sha512-gvW7InbIyF8AicrqWoptdW08pUxuhq8BEgowNajy9RhiE86fmGAGl+bLKo6oB8QP0CkqHLowfN0oJdKC/J6LbA==}

  buffer-equal-constant-time@1.0.1:
    resolution: {integrity: sha512-zRpUiDwd/xk6ADqPMATG8vc9VPrkck7T07OIx0gnjmJAnHnTVXNQG3vfvWNuiZIkwu9KrKdA1iJKfsfTVxE6NA==}

  chalk@5.6.2:
    resolution: {integrity: sha512-7NzBL0rN6fMUW+f7A6Io4h40qQlG+xGmtMxfbnH/K7TAtt8JQWVQK+6g0UXKMeVJoyV5EkkNsErQ8pVD3bLHbA==}
    engines: {node: ^12.17.0 || ^14.13 || >=16.0.0}

  chardet@2.2.0:
    resolution: {integrity: sha512-rddelWYNPRrXq6PtNEN2S3f6t9ILzvqaN5pVgi4kqt9jHQaXIial9PznB5iSPVlQSLNaaH22ItWz3EJtQ10+OA==}

  clean-stack@2.2.0:
    resolution: {integrity: sha512-4diC9HaTE+KRAMWhDhrGOECgWZxoevMc5TlkObMqNSsVU62PYzXZ/SMTjzyGAFF1YusgxGcSWTEXBhp0CPwQ1A==}
    engines: {node: '>=6'}

  cli-progress@3.12.0:
    resolution: {integrity: sha512-tRkV3HJ1ASwm19THiiLIXLO7Im7wlTuKnvkYaTkyoAPefqjNg7W7DHKUlGRxy9vxDvbyCYQkQozvptuMkGCg8A==}
    engines: {node: '>=4'}

  cli-width@4.1.0:
    resolution: {integrity: sha512-ouuZd4/dm2Sw5Gmqy6bGyNNNe1qt9RpmxveLSO7KcgsTnU7RXfsw+/bukWGo1abgBiMAic068rclZsO4IWmmxQ==}
    engines: {node: '>= 12'}

  commander@11.1.0:
    resolution: {integrity: sha512-yPVavfyCcRhmorC7rWlkHn15b4wDVgVmBA7kV4QVBsF7kv/9TKJAbAXVTxvTnwP8HHKjRCJDClKbciiYS7p0DQ==}
    engines: {node: '>=16'}

  debug@4.4.3:
    resolution: {integrity: sha512-RGwwWnwQvkVfavKVt22FGLw+xYSdzARwm0ru6DhTVA3umU5hZc28V3kO4stgYryrTlLpuvgI9GiijltAjNbcqA==}
    engines: {node: '>=6.0'}
    peerDependencies:
      supports-color: '*'
    peerDependenciesMeta:
      supports-color:
        optional: true

  deepmerge@4.3.1:
    resolution: {integrity: sha512-3sUqbMEc77XqpdNO7FRyRog+eW3ph+GYCbj+rK+uYyRMuwsVy0rMiVtPn+QJlKFvWP/1PYpapqYn0Me2knFn+A==}
    engines: {node: '>=0.10.0'}

  deprecation@2.3.1:
    resolution: {integrity: sha512-xmHIy4F3scKVwMsQ4WnVaS8bHOx0DmVwRywosKhaILI0ywMDWPtBSku2HNxRvF7jtwDRsoEwYQSfbxj8b7RlJQ==}

  dotenv@16.6.1:
    resolution: {integrity: sha512-uBq4egWHTcTt33a72vpSG0z3HnPuIl6NqYcTrKEg2azoEyl2hpW0zqlxysq2pK9HlDIHyHyakeYaYnSAwd8bow==}
    engines: {node: '>=12'}

  ecdsa-sig-formatter@1.0.11:
    resolution: {integrity: sha512-nagl3RYrbNv6kQkeJIpt6NJZy8twLB/2vtz6yN9Z4vRKHN4/QZJIEbqohALSgwKdnksuY3k5Addp5lg8sVoVcQ==}

  emoji-regex@8.0.0:
    resolution: {integrity: sha512-MSjYzcWNOA0ewAHpz0MxpYFvwg6yjy1NG3xteoqz644VCo/RPgnr1/GGt+ic3iJTzQ8Eu3TdM14SawnVUmGE6A==}

  fast-string-truncated-width@3.0.3:
    resolution: {integrity: sha512-0jjjIEL6+0jag3l2XWWizO64/aZVtpiGE3t0Zgqxv0DPuxiMjvB3M24fCyhZUO4KomJQPj3LTSUnDP3GpdwC0g==}

  fast-string-width@3.0.2:
    resolution: {integrity: sha512-gX8LrtNEI5hq8DVUfRQMbr5lpaS4nMIWV+7XEbXk2b8kiQIizgnlr12B4dA3ZEx3308ze0O4Q1R+cHts8kyUJg==}

  fast-wrap-ansi@0.2.2:
    resolution: {integrity: sha512-7F2Fl+TjRSenLqlU3UjSH0iyqopqoZIu7eZVpEirP2g1GtWa2G/ecEmBdgz31+Mxr+ELclgg6sokpSFIQiZ02Q==}

  iconv-lite@0.7.2:
    resolution: {integrity: sha512-im9DjEDQ55s9fL4EYzOAv0yMqmMBSZp6G0VvFyTMPKWxiSBHUj9NW/qqLmXUwXrrM7AvqSlTCfvqRb0cM8yYqw==}
    engines: {node: '>=0.10.0'}

  indent-string@4.0.0:
    resolution: {integrity: sha512-EdDDZu4A2OyIK7Lr/2zG+w5jmbuk1DVBnEwREQvBzspBJkCEbRa8GxU1lghYcaGJCnRWibjDXlq779X1/y5xwg==}
    engines: {node: '>=8'}

  inquirer@13.4.3:
    resolution: {integrity: sha512-EPd3IqieHSavSOXh+LZhrIkdQcOELWeRblLT6kslQr+cF9XTh/HxZdSt1YkHH1iq4dvqBnV42uwg2YlorgOy6g==}
    engines: {node: '>=23.5.0 || ^22.13.0 || ^21.7.0 || ^20.12.0'}
    peerDependencies:
      '@types/node': '>=18'
    peerDependenciesMeta:
      '@types/node':
        optional: true

  is-fullwidth-code-point@3.0.0:
    resolution: {integrity: sha512-zymm5+u+sCsSWyD9qNaejV3DFvhCKclKdizYaJUuHA83RLjb7nSuGnddCHGv0hk+KY7BMAlsWeK4Ueg6EV6XQg==}
    engines: {node: '>=8'}

  is-plain-object@3.0.1:
    resolution: {integrity: sha512-Xnpx182SBMrr/aBik8y+GuR4U1L9FqMSojwDQwPMmxyC6bvEqly9UBCxhauBF5vNh2gwWJNX6oDV7O+OM4z34g==}
    engines: {node: '>=0.10.0'}

  jsonwebtoken@9.0.3:
    resolution: {integrity: sha512-MT/xP0CrubFRNLNKvxJ2BYfy53Zkm++5bX9dtuPbqAeQpTVe0MQTFhao8+Cp//EmJp244xt6Drw/GVEGCUj40g==}
    engines: {node: '>=12', npm: '>=6'}

  jwa@2.0.1:
    resolution: {integrity: sha512-hRF04fqJIP8Abbkq5NKGN0Bbr3JxlQ+qhZufXVr0DvujKy93ZCbXZMHDL4EOtodSbCWxOqR8MS1tXA5hwqCXDg==}

  jws@4.0.1:
    resolution: {integrity: sha512-EKI/M/yqPncGUUh44xz0PxSidXFr/+r0pA70+gIYhjv+et7yxM+s29Y+VGDkovRofQem0fs7Uvf4+YmAdyRduA==}

  lodash.includes@4.3.0:
    resolution: {integrity: sha512-W3Bx6mdkRTGtlJISOvVD/lbqjTlPPUDTMnlXZFnVwi9NKJ6tiAk6LVdlhZMm17VZisqhKcgzpO5Wz91PCt5b0w==}

  lodash.isboolean@3.0.3:
    resolution: {integrity: sha512-Bz5mupy2SVbPHURB98VAcw+aHh4vRV5IPNhILUCsOzRmsTmSQ17jIuqopAentWoehktxGd9e/hbIXq980/1QJg==}

  lodash.isinteger@4.0.4:
    resolution: {integrity: sha512-DBwtEWN2caHQ9/imiNeEA5ys1JoRtRfY3d7V9wkqtbycnAmTvRRmbHKDV4a0EYc678/dia0jrte4tjYwVBaZUA==}

  lodash.isnumber@3.0.3:
    resolution: {integrity: sha512-QYqzpfwO3/CWf3XP+Z+tkQsfaLL/EnUlXWVkIk5FUPc4sBdTehEqZONuyRt2P67PXAk+NXmTBcc97zw9t1FQrw==}

  lodash.isplainobject@4.0.6:
    resolution: {integrity: sha512-oSXzaWypCMHkPC3NvBEaPHf0KsA5mvPrOPgQWDsbg8n7orZ290M0BmC/jgRZ4vcJ6DTAhjrsSYgdsW/F+MFOBA==}

  lodash.isstring@4.0.1:
    resolution: {integrity: sha512-0wJxfxH1wgO3GrbuP+dTTk7op+6L41QCXbGINEmD+ny/G/eCqGzxyCsh7159S+mgDDcoarnBw6PC1PS5+wUGgw==}

  lodash.once@4.1.1:
    resolution: {integrity: sha512-Sb487aTOCr9drQVL8pIxOzVhafOjZN9UU54hiN8PU3uAiSV7lx1yYNpbNmex2PK6dSJoNTSJUUswT651yww3Mg==}

  ms@2.1.3:
    resolution: {integrity: sha512-6FlzubTLZG3J2a/NVCAleEhjzq5oxgHyaCU9yYXvcLsvoVaHJq/s5xXI6/XXP6tz7R9xAOtHnSO/tXtF3WRTlA==}

  mute-stream@3.0.0:
    resolution: {integrity: sha512-dkEJPVvun4FryqBmZ5KhDo0K9iDXAwn08tMLDinNdRBNPcYEDiWYysLcc6k3mjTMlbP9KyylvRpd4wFtwrT9rw==}
    engines: {node: ^20.17.0 || >=22.9.0}

  node-fetch@2.7.0:
    resolution: {integrity: sha512-c4FRfUm/dbcWZ7U+1Wq0AwCyFL+3nt2bEw05wfxSz+DWpWsitgmSgYmy2dQdWyKC1694ELPqMs/YzUSNozLt8A==}
    engines: {node: 4.x || >=6.0.0}
    peerDependencies:
      encoding: ^0.1.0
    peerDependenciesMeta:
      encoding:
        optional: true

  octokit@3.2.2:
    resolution: {integrity: sha512-7Abo3nADdja8l/aglU6Y3lpnHSfv0tw7gFPiqzry/yCU+2gTAX7R1roJ8hJrxIK+S1j+7iqRJXtmuHJ/UDsBhQ==}
    engines: {node: '>= 18'}

  once@1.4.0:
    resolution: {integrity: sha512-lNaJgI+2Q5URQBkccEKHTQOPaXdUxnZZElQTZY0MFUAuaEqe1E+Nyvgdz/aIyNi6Z9MzO5dv1H8n58/GELp3+w==}

  run-async@4.0.6:
    resolution: {integrity: sha512-IoDlSLTs3Yq593mb3ZoKWKXMNu3UpObxhgA/Xuid5p4bbfi2jdY1Hj0m1K+0/tEuQTxIGMhQDqGjKb7RuxGpAQ==}
    engines: {node: '>=0.12.0'}

  rxjs@7.8.2:
    resolution: {integrity: sha512-dhKf903U/PQZY6boNNtAGdWbG85WAbjT/1xYoZIC7FAY0yWapOBQVsVrDl58W86//e1VpMNBtRV4MaXfdMySFA==}

  safe-buffer@5.2.1:
    resolution: {integrity: sha512-rp3So07KcdmmKbGvgaNxQSJr7bGVSVk5S9Eq1F+ppbRo70+YeaDxkw5Dd8NPN+GD6bjnYm2VuPuCXmpuYvmCXQ==}

  safer-buffer@2.1.2:
    resolution: {integrity: sha512-YZo3K82SD7Riyi0E1EQPojLz7kpepnSQI9IyPbHHg1XXXevb5dJI7tpyN2ADxGcQbHG7vcyRHk0cbwqcQriUtg==}

  semver@7.8.5:
    resolution: {integrity: sha512-Y7/KDsb8LjooZpwaqGyulO6DQlksgCncchHGk+sZIY4SBvUocMBEFH5Ur1fI4dV+Jvl0w6cjvucaIi40puRioA==}
    engines: {node: '>=10'}
    hasBin: true

  signal-exit@4.1.0:
    resolution: {integrity: sha512-bzyZ1e88w9O1iNJbKnOlvYTrWPDl46O1bG0D3XInv+9tkPrxrN8jUUTiFlDkkmKWgn1M6CfIA13SuGqOa9Korw==}
    engines: {node: '>=14'}

  simple-git@3.36.0:
    resolution: {integrity: sha512-cGQjLjK8bxJw4QuYT7gxHw3/IouVESbhahSsHrX97MzCL1gu2u7oy38W6L2ZIGECEfIBG4BabsWDPjBxJENv9Q==}

  string-width@4.2.3:
    resolution: {integrity: sha512-wKyQRQpjJ0sIp62ErSZdGsjMJWsap5oRNihHhu6G7JVO/9jIB6UyevL+tXuOqrng8j/cxKTWyWUwvSTriiZz/g==}
    engines: {node: '>=8'}

  strip-ansi@6.0.1:
    resolution: {integrity: sha512-Y38VPSHcqkFrCpFnQ9vuSXmquuv5oXOKpGeT6aGrr3o3Gc9AlVa6JBfUSOCnbxGGZF+/0ooI7KrPuUSztUdU5A==}
    engines: {node: '>=8'}

  tr46@0.0.3:
    resolution: {integrity: sha512-N3WMsuqV66lT30CrXNbEjx4GEwlow3v6rr4mCcv6prnfwhS01rkgyFdjPNBYd9br7LpXV1+Emh01fHnq2Gdgrw==}

  tslib@2.8.1:
    resolution: {integrity: sha512-oJFu94HQb+KVduSUQL7wnpmqnfmLsOA/nAh6b6EH0wCEoK0/mPeXU6c3wKDV83MkOuHPRHtSXKKU99IBazS/2w==}

  typescript@5.9.3:
    resolution: {integrity: sha512-jl1vZzPDinLr9eUt3J/t7V6FgNEw9QjvBPdysz9KfQDD41fQrC2Y4vKQdiaUpFT4bXlb1RHhLpp8wtm6M5TgSw==}
    engines: {node: '>=14.17'}
    hasBin: true

  undici-types@6.21.0:
    resolution: {integrity: sha512-iwDZqg0QAGrg9Rav5H4n0M64c3mkR59cJ6wQp+7C4nI0gsmExaedaYLNO44eT4AtBBwjbTiGPMlt2Md0T9H9JQ==}

  universal-github-app-jwt@1.2.0:
    resolution: {integrity: sha512-dncpMpnsKBk0eetwfN8D8OUHGfiDhhJ+mtsbMl+7PfW7mYjiH8LIcqRmYMtzYLgSh47HjfdBtrBwIQ/gizKR3g==}

  universal-user-agent@6.0.1:
    resolution: {integrity: sha512-yCzhz6FN2wU1NiiQRogkTQszlQSlpWaw8SvVegAc+bDxbzHgh1vX8uIe8OYyMH6DwH+sdTJsgMl36+mSMdRJIQ==}

  url-template@2.0.8:
    resolution: {integrity: sha512-XdVKMF4SJ0nP/O7XIPB0JwAEuT9lDIYnNsK8yGVe43y0AWoKeJNdv3ZNWh7ksJ6KqQFjOO6ox/VEitLnaVNufw==}

  webidl-conversions@3.0.1:
    resolution: {integrity: sha512-2JAn3z8AR6rjK8Sm8orRC0h/bcl/DqL7tRPdGZ4I1CjdF+EaMLmYxBHyXuKL849eucPFhvBoxMsflfOb8kxaeQ==}

  whatwg-url@5.0.0:
    resolution: {integrity: sha512-saE57nupxk6v3HY35+jzBwYa0rKSy0XR8JSxZPwgLr7ys0IBzhGviA1/TUGJLmSVqs8pb9AnvICXEuOHLprYTw==}

  wrappy@1.0.2:
    resolution: {integrity: sha512-l4Sp/DRseor9wL6EvV2+TuQn63dMkPjZ/sp9XkghTEbV9KlPS1xUsZ3u7/IQO4wxtcFB4bgpQPRcR3QCvezPcQ==}

snapshots:

  '@inquirer/ansi@2.0.7': {}

  '@inquirer/checkbox@5.2.1(@types/node@20.19.43)':
    dependencies:
      '@inquirer/ansi': 2.0.7
      '@inquirer/core': 11.2.1(@types/node@20.19.43)
      '@inquirer/figures': 2.0.7
      '@inquirer/type': 4.0.7(@types/node@20.19.43)
    optionalDependencies:
      '@types/node': 20.19.43

  '@inquirer/confirm@6.1.1(@types/node@20.19.43)':
    dependencies:
      '@inquirer/core': 11.2.1(@types/node@20.19.43)
      '@inquirer/type': 4.0.7(@types/node@20.19.43)
    optionalDependencies:
      '@types/node': 20.19.43

  '@inquirer/core@11.2.1(@types/node@20.19.43)':
    dependencies:
      '@inquirer/ansi': 2.0.7
      '@inquirer/figures': 2.0.7
      '@inquirer/type': 4.0.7(@types/node@20.19.43)
      cli-width: 4.1.0
      fast-wrap-ansi: 0.2.2
      mute-stream: 3.0.0
      signal-exit: 4.1.0
    optionalDependencies:
      '@types/node': 20.19.43

  '@inquirer/editor@5.2.2(@types/node@20.19.43)':
    dependencies:
      '@inquirer/core': 11.2.1(@types/node@20.19.43)
      '@inquirer/external-editor': 3.0.3(@types/node@20.19.43)
      '@inquirer/type': 4.0.7(@types/node@20.19.43)
    optionalDependencies:
      '@types/node': 20.19.43

  '@inquirer/expand@5.1.1(@types/node@20.19.43)':
    dependencies:
      '@inquirer/core': 11.2.1(@types/node@20.19.43)
      '@inquirer/type': 4.0.7(@types/node@20.19.43)
    optionalDependencies:
      '@types/node': 20.19.43

  '@inquirer/external-editor@3.0.3(@types/node@20.19.43)':
    dependencies:
      chardet: 2.2.0
      iconv-lite: 0.7.2
    optionalDependencies:
      '@types/node': 20.19.43

  '@inquirer/figures@2.0.7': {}

  '@inquirer/input@5.1.2(@types/node@20.19.43)':
    dependencies:
      '@inquirer/core': 11.2.1(@types/node@20.19.43)
      '@inquirer/type': 4.0.7(@types/node@20.19.43)
    optionalDependencies:
      '@types/node': 20.19.43

  '@inquirer/number@4.1.1(@types/node@20.19.43)':
    dependencies:
      '@inquirer/core': 11.2.1(@types/node@20.19.43)
      '@inquirer/type': 4.0.7(@types/node@20.19.43)
    optionalDependencies:
      '@types/node': 20.19.43

  '@inquirer/password@5.1.1(@types/node@20.19.43)':
    dependencies:
      '@inquirer/ansi': 2.0.7
      '@inquirer/core': 11.2.1(@types/node@20.19.43)
      '@inquirer/type': 4.0.7(@types/node@20.19.43)
    optionalDependencies:
      '@types/node': 20.19.43

  '@inquirer/prompts@8.5.2(@types/node@20.19.43)':
    dependencies:
      '@inquirer/checkbox': 5.2.1(@types/node@20.19.43)
      '@inquirer/confirm': 6.1.1(@types/node@20.19.43)
      '@inquirer/editor': 5.2.2(@types/node@20.19.43)
      '@inquirer/expand': 5.1.1(@types/node@20.19.43)
      '@inquirer/input': 5.1.2(@types/node@20.19.43)
      '@inquirer/number': 4.1.1(@types/node@20.19.43)
      '@inquirer/password': 5.1.1(@types/node@20.19.43)
      '@inquirer/rawlist': 5.3.1(@types/node@20.19.43)
      '@inquirer/search': 4.2.1(@types/node@20.19.43)
      '@inquirer/select': 5.2.1(@types/node@20.19.43)
    optionalDependencies:
      '@types/node': 20.19.43

  '@inquirer/rawlist@5.3.1(@types/node@20.19.43)':
    dependencies:
      '@inquirer/core': 11.2.1(@types/node@20.19.43)
      '@inquirer/type': 4.0.7(@types/node@20.19.43)
    optionalDependencies:
      '@types/node': 20.19.43

  '@inquirer/search@4.2.1(@types/node@20.19.43)':
    dependencies:
      '@inquirer/core': 11.2.1(@types/node@20.19.43)
      '@inquirer/figures': 2.0.7
      '@inquirer/type': 4.0.7(@types/node@20.19.43)
    optionalDependencies:
      '@types/node': 20.19.43

  '@inquirer/select@5.2.1(@types/node@20.19.43)':
    dependencies:
      '@inquirer/ansi': 2.0.7
      '@inquirer/core': 11.2.1(@types/node@20.19.43)
      '@inquirer/figures': 2.0.7
      '@inquirer/type': 4.0.7(@types/node@20.19.43)
    optionalDependencies:
      '@types/node': 20.19.43

  '@inquirer/type@4.0.7(@types/node@20.19.43)':
    optionalDependencies:
      '@types/node': 20.19.43

  '@kwsites/file-exists@1.1.1':
    dependencies:
      debug: 4.4.3
    transitivePeerDependencies:
      - supports-color

  '@kwsites/promise-deferred@1.1.1': {}

  '@octokit/app@14.1.0':
    dependencies:
      '@octokit/auth-app': 6.1.4
      '@octokit/auth-unauthenticated': 5.0.1
      '@octokit/core': 5.2.2
      '@octokit/oauth-app': 6.1.0
      '@octokit/plugin-paginate-rest': 9.2.2(@octokit/core@5.2.2)
      '@octokit/types': 12.6.0
      '@octokit/webhooks': 12.3.2

  '@octokit/auth-app@6.1.4':
    dependencies:
      '@octokit/auth-oauth-app': 7.1.0
      '@octokit/auth-oauth-user': 4.1.0
      '@octokit/request': 8.4.1
      '@octokit/request-error': 5.1.1
      '@octokit/types': 13.10.0
      deprecation: 2.3.1
      lru-cache: '@wolfy1339/lru-cache@11.0.2-patch.1'
      universal-github-app-jwt: 1.2.0
      universal-user-agent: 6.0.1

  '@octokit/auth-oauth-app@7.1.0':
    dependencies:
      '@octokit/auth-oauth-device': 6.1.0
      '@octokit/auth-oauth-user': 4.1.0
      '@octokit/request': 8.4.1
      '@octokit/types': 13.10.0
      '@types/btoa-lite': 1.0.2
      btoa-lite: 1.0.0
      universal-user-agent: 6.0.1

  '@octokit/auth-oauth-device@6.1.0':
    dependencies:
      '@octokit/oauth-methods': 4.1.0
      '@octokit/request': 8.4.1
      '@octokit/types': 13.10.0
      universal-user-agent: 6.0.1

  '@octokit/auth-oauth-user@4.1.0':
    dependencies:
      '@octokit/auth-oauth-device': 6.1.0
      '@octokit/oauth-methods': 4.1.0
      '@octokit/request': 8.4.1
      '@octokit/types': 13.10.0
      btoa-lite: 1.0.0
      universal-user-agent: 6.0.1

  '@octokit/auth-token@4.0.0': {}

  '@octokit/auth-unauthenticated@5.0.1':
    dependencies:
      '@octokit/request-error': 5.1.1
      '@octokit/types': 12.6.0

  '@octokit/core@5.2.2':
    dependencies:
      '@octokit/auth-token': 4.0.0
      '@octokit/graphql': 7.1.1
      '@octokit/request': 8.4.1
      '@octokit/request-error': 5.1.1
      '@octokit/types': 13.10.0
      before-after-hook: 2.2.3
      universal-user-agent: 6.0.1

  '@octokit/endpoint@9.0.6':
    dependencies:
      '@octokit/types': 13.10.0
      universal-user-agent: 6.0.1

  '@octokit/graphql@7.1.1':
    dependencies:
      '@octokit/request': 8.4.1
      '@octokit/types': 13.10.0
      universal-user-agent: 6.0.1

  '@octokit/oauth-app@6.1.0':
    dependencies:
      '@octokit/auth-oauth-app': 7.1.0
      '@octokit/auth-oauth-user': 4.1.0
      '@octokit/auth-unauthenticated': 5.0.1
      '@octokit/core': 5.2.2
      '@octokit/oauth-authorization-url': 6.0.2
      '@octokit/oauth-methods': 4.1.0
      '@types/aws-lambda': 8.10.162
      universal-user-agent: 6.0.1

  '@octokit/oauth-authorization-url@6.0.2': {}

  '@octokit/oauth-methods@4.1.0':
    dependencies:
      '@octokit/oauth-authorization-url': 6.0.2
      '@octokit/request': 8.4.1
      '@octokit/request-error': 5.1.1
      '@octokit/types': 13.10.0
      btoa-lite: 1.0.0

  '@octokit/openapi-types@20.0.0': {}

  '@octokit/openapi-types@24.2.0': {}

  '@octokit/plugin-paginate-graphql@4.0.1(@octokit/core@5.2.2)':
    dependencies:
      '@octokit/core': 5.2.2

  '@octokit/plugin-paginate-rest@11.4.4-cjs.2(@octokit/core@5.2.2)':
    dependencies:
      '@octokit/core': 5.2.2
      '@octokit/types': 13.10.0

  '@octokit/plugin-paginate-rest@9.2.2(@octokit/core@5.2.2)':
    dependencies:
      '@octokit/core': 5.2.2
      '@octokit/types': 12.6.0

  '@octokit/plugin-rest-endpoint-methods@13.3.2-cjs.1(@octokit/core@5.2.2)':
    dependencies:
      '@octokit/core': 5.2.2
      '@octokit/types': 13.10.0

  '@octokit/plugin-retry@6.1.0(@octokit/core@5.2.2)':
    dependencies:
      '@octokit/core': 5.2.2
      '@octokit/request-error': 5.1.1
      '@octokit/types': 13.10.0
      bottleneck: 2.19.5

  '@octokit/plugin-throttling@8.2.0(@octokit/core@5.2.2)':
    dependencies:
      '@octokit/core': 5.2.2
      '@octokit/types': 12.6.0
      bottleneck: 2.19.5

  '@octokit/request-error@5.1.1':
    dependencies:
      '@octokit/types': 13.10.0
      deprecation: 2.3.1
      once: 1.4.0

  '@octokit/request@8.4.1':
    dependencies:
      '@octokit/endpoint': 9.0.6
      '@octokit/request-error': 5.1.1
      '@octokit/types': 13.10.0
      universal-user-agent: 6.0.1

  '@octokit/types@12.6.0':
    dependencies:
      '@octokit/openapi-types': 20.0.0

  '@octokit/types@13.10.0':
    dependencies:
      '@octokit/openapi-types': 24.2.0

  '@octokit/webhooks-methods@4.1.0': {}

  '@octokit/webhooks-types@7.6.1': {}

  '@octokit/webhooks@12.3.2':
    dependencies:
      '@octokit/request-error': 5.1.1
      '@octokit/webhooks-methods': 4.1.0
      '@octokit/webhooks-types': 7.6.1
      aggregate-error: 3.1.0

  '@simple-git/args-pathspec@1.0.3': {}

  '@simple-git/argv-parser@1.1.1':
    dependencies:
      '@simple-git/args-pathspec': 1.0.3

  '@types/aws-lambda@8.10.162': {}

  '@types/btoa-lite@1.0.2': {}

  '@types/cli-progress@3.11.6':
    dependencies:
      '@types/node': 20.19.43

  '@types/inquirer@9.0.10':
    dependencies:
      '@types/through': 0.0.33
      rxjs: 7.8.2

  '@types/jsonwebtoken@9.0.10':
    dependencies:
      '@types/ms': 2.1.0
      '@types/node': 20.19.43

  '@types/ms@2.1.0': {}

  '@types/node@20.19.43':
    dependencies:
      undici-types: 6.21.0

  '@types/through@0.0.33':
    dependencies:
      '@types/node': 20.19.43

  '@wolfy1339/lru-cache@11.0.2-patch.1': {}

  aggregate-error@3.1.0:
    dependencies:
      clean-stack: 2.2.0
      indent-string: 4.0.0

  ansi-regex@5.0.1: {}

  before-after-hook@2.2.3: {}

  bitbucket@2.12.0:
    dependencies:
      before-after-hook: 2.2.3
      deepmerge: 4.3.1
      is-plain-object: 3.0.1
      node-fetch: 2.7.0
      url-template: 2.0.8
    transitivePeerDependencies:
      - encoding

  bottleneck@2.19.5: {}

  btoa-lite@1.0.0: {}

  buffer-equal-constant-time@1.0.1: {}

  chalk@5.6.2: {}

  chardet@2.2.0: {}

  clean-stack@2.2.0: {}

  cli-progress@3.12.0:
    dependencies:
      string-width: 4.2.3

  cli-width@4.1.0: {}

  commander@11.1.0: {}

  debug@4.4.3:
    dependencies:
      ms: 2.1.3

  deepmerge@4.3.1: {}

  deprecation@2.3.1: {}

  dotenv@16.6.1: {}

  ecdsa-sig-formatter@1.0.11:
    dependencies:
      safe-buffer: 5.2.1

  emoji-regex@8.0.0: {}

  fast-string-truncated-width@3.0.3: {}

  fast-string-width@3.0.2:
    dependencies:
      fast-string-truncated-width: 3.0.3

  fast-wrap-ansi@0.2.2:
    dependencies:
      fast-string-width: 3.0.2

  iconv-lite@0.7.2:
    dependencies:
      safer-buffer: 2.1.2

  indent-string@4.0.0: {}

  inquirer@13.4.3(@types/node@20.19.43):
    dependencies:
      '@inquirer/ansi': 2.0.7
      '@inquirer/core': 11.2.1(@types/node@20.19.43)
      '@inquirer/prompts': 8.5.2(@types/node@20.19.43)
      '@inquirer/type': 4.0.7(@types/node@20.19.43)
      mute-stream: 3.0.0
      run-async: 4.0.6
      rxjs: 7.8.2
    optionalDependencies:
      '@types/node': 20.19.43

  is-fullwidth-code-point@3.0.0: {}

  is-plain-object@3.0.1: {}

  jsonwebtoken@9.0.3:
    dependencies:
      jws: 4.0.1
      lodash.includes: 4.3.0
      lodash.isboolean: 3.0.3
      lodash.isinteger: 4.0.4
      lodash.isnumber: 3.0.3
      lodash.isplainobject: 4.0.6
      lodash.isstring: 4.0.1
      lodash.once: 4.1.1
      ms: 2.1.3
      semver: 7.8.5

  jwa@2.0.1:
    dependencies:
      buffer-equal-constant-time: 1.0.1
      ecdsa-sig-formatter: 1.0.11
      safe-buffer: 5.2.1

  jws@4.0.1:
    dependencies:
      jwa: 2.0.1
      safe-buffer: 5.2.1

  lodash.includes@4.3.0: {}

  lodash.isboolean@3.0.3: {}

  lodash.isinteger@4.0.4: {}

  lodash.isnumber@3.0.3: {}

  lodash.isplainobject@4.0.6: {}

  lodash.isstring@4.0.1: {}

  lodash.once@4.1.1: {}

  ms@2.1.3: {}

  mute-stream@3.0.0: {}

  node-fetch@2.7.0:
    dependencies:
      whatwg-url: 5.0.0

  octokit@3.2.2:
    dependencies:
      '@octokit/app': 14.1.0
      '@octokit/core': 5.2.2
      '@octokit/oauth-app': 6.1.0
      '@octokit/plugin-paginate-graphql': 4.0.1(@octokit/core@5.2.2)
      '@octokit/plugin-paginate-rest': 11.4.4-cjs.2(@octokit/core@5.2.2)
      '@octokit/plugin-rest-endpoint-methods': 13.3.2-cjs.1(@octokit/core@5.2.2)
      '@octokit/plugin-retry': 6.1.0(@octokit/core@5.2.2)
      '@octokit/plugin-throttling': 8.2.0(@octokit/core@5.2.2)
      '@octokit/request-error': 5.1.1
      '@octokit/types': 13.10.0
      '@octokit/webhooks': 12.3.2

  once@1.4.0:
    dependencies:
      wrappy: 1.0.2

  run-async@4.0.6: {}

  rxjs@7.8.2:
    dependencies:
      tslib: 2.8.1

  safe-buffer@5.2.1: {}

  safer-buffer@2.1.2: {}

  semver@7.8.5: {}

  signal-exit@4.1.0: {}

  simple-git@3.36.0:
    dependencies:
      '@kwsites/file-exists': 1.1.1
      '@kwsites/promise-deferred': 1.1.1
      '@simple-git/args-pathspec': 1.0.3
      '@simple-git/argv-parser': 1.1.1
      debug: 4.4.3
    transitivePeerDependencies:
      - supports-color

  string-width@4.2.3:
    dependencies:
      emoji-regex: 8.0.0
      is-fullwidth-code-point: 3.0.0
      strip-ansi: 6.0.1

  strip-ansi@6.0.1:
    dependencies:
      ansi-regex: 5.0.1

  tr46@0.0.3: {}

  tslib@2.8.1: {}

  typescript@5.9.3: {}

  undici-types@6.21.0: {}

  universal-github-app-jwt@1.2.0:
    dependencies:
      '@types/jsonwebtoken': 9.0.10
      jsonwebtoken: 9.0.3

  universal-user-agent@6.0.1: {}

  url-template@2.0.8: {}

  webidl-conversions@3.0.1: {}

  whatwg-url@5.0.0:
    dependencies:
      tr46: 0.0.3
      webidl-conversions: 3.0.1

  wrappy@1.0.2: {}
